
Microsoft Visual Studio Solution File, Format Version 12.00
# Visual Studio Version 16
VisualStudioVersion = 16.0.29609.76
MinimumVisualStudioVersion = 10.0.40219.1
Project("{FAE04EC0-301F-11D3-BF4B-00C04F79EFBC}") = "TestEvent", "TestEvent\TestEvent.csproj", "{B35E8ECF-FB2E-46A7-896E-2451EF53EB77}"
EndProject
Global
	GlobalSection(SolutionConfigurationPlatforms) = preSolution
		Debug|Any CPU = Debug|Any CPU
		Release|Any CPU = Release|Any CPU
	EndGlobalSection
	GlobalSection(ProjectConfigurationPlatforms) = postSolution
		{B35E8ECF-FB2E-46A7-896E-2451EF53EB77}.Debug|Any CPU.ActiveCfg = Debug|Any CPU
		{B35E8ECF-FB2E-46A7-896E-2451EF53EB77}.Debug|Any CPU.Build.0 = Debug|Any CPU
		{B35E8ECF-FB2E-46A7-896E-2451EF53EB77}.Release|Any CPU.ActiveCfg = Release|Any CPU
		{B35E8ECF-FB2E-46A7-896E-2451EF53EB77}.Release|Any CPU.Build.0 = Release|Any CPU
	EndGlobalSection
	GlobalSection(SolutionProperties) = preSolution
		HideSolutionNode = FALSE
	EndGlobalSection
	GlobalSection(ExtensibilityGlobals) = postSolution
		SolutionGuid = {69D8489E-A109-49AE-A726-60B7C571C369}
	EndGlobalSection
EndGlobal
